// !$*UTF8*$!
{
	archiveVersion = 1;
	classes = {
	};
	objectVersion = 56;
	objects = {

/* Begin PBXBuildFile section */
		C423DEF52BE6AE36002A4C9C /* ReviewView.swift in Sources */ = {isa = PBXBuildFile; fileRef = C423DEF42BE6AE36002A4C9C /* ReviewView.swift */; };
		C436E7E92BE5913F00299883 /* DetailBookView.swift in Sources */ = {isa = PBXBuildFile; fileRef = C436E7E82BE5913F00299883 /* DetailBookView.swift */; };
		C436E7EB2BE5D40800299883 /* HorizontalDetailView.swift in Sources */ = {isa = PBXBuildFile; fileRef = C436E7EA2BE5D40800299883 /* HorizontalDetailView.swift */; };
		C436E7ED2BE5E77F00299883 /* ReviewsView.swift in Sources */ = {isa = PBXBuildFile; fileRef = C436E7EC2BE5E77F00299883 /* ReviewsView.swift */; };
		C436E7EF2BE5EBCA00299883 /* Review.swift in Sources */ = {isa = PBXBuildFile; fileRef = C436E7EE2BE5EBCA00299883 /* Review.swift */; };
		C43959A12BF28D5300667301 /* Toast.swift in Sources */ = {isa = PBXBuildFile; fileRef = C43959A02BF28D5300667301 /* Toast.swift */; };
		C43959A42BF28E7800667301 /* ToastView.swift in Sources */ = {isa = PBXBuildFile; fileRef = C43959A32BF28E7800667301 /* ToastView.swift */; };
		C43959A62BF2A1B200667301 /* ToastModifier.swift in Sources */ = {isa = PBXBuildFile; fileRef = C43959A52BF2A1B200667301 /* ToastModifier.swift */; };
		C43959A82BF2A23700667301 /* ViewExtension.swift in Sources */ = {isa = PBXBuildFile; fileRef = C43959A72BF2A23700667301 /* ViewExtension.swift */; };
		C43959AC2BF2E9EB00667301 /* ExploreDetailListViewLoading.swift in Sources */ = {isa = PBXBuildFile; fileRef = C43959AB2BF2E9EB00667301 /* ExploreDetailListViewLoading.swift */; };
		C46A4F3B2BF3080500736DFC /* LoadingEffectView.swift in Sources */ = {isa = PBXBuildFile; fileRef = C46A4F3A2BF3080500736DFC /* LoadingEffectView.swift */; };
		C46A4F3D2BF3086200736DFC /* DetailBookLoadingView.swift in Sources */ = {isa = PBXBuildFile; fileRef = C46A4F3C2BF3086200736DFC /* DetailBookLoadingView.swift */; };
		C48C407D2BE2E618003CCF14 /* UseCaseFactory.swift in Sources */ = {isa = PBXBuildFile; fileRef = C48C407C2BE2E618003CCF14 /* UseCaseFactory.swift */; };
		C48C40802BE31851003CCF14 /* PreviewData.swift in Sources */ = {isa = PBXBuildFile; fileRef = C48C407F2BE31851003CCF14 /* PreviewData.swift */; };
		C48C40822BE31B98003CCF14 /* SKLHeaderView.swift in Sources */ = {isa = PBXBuildFile; fileRef = C48C40812BE31B98003CCF14 /* SKLHeaderView.swift */; };
		C48C40842BE323B5003CCF14 /* SKLMarkerButton.swift in Sources */ = {isa = PBXBuildFile; fileRef = C48C40832BE323B5003CCF14 /* SKLMarkerButton.swift */; };
		C48C40862BE328B6003CCF14 /* SKLFilterPickerView.swift in Sources */ = {isa = PBXBuildFile; fileRef = C48C40852BE328B6003CCF14 /* SKLFilterPickerView.swift */; };
		C48C40892BE32BAE003CCF14 /* Kingfisher in Frameworks */ = {isa = PBXBuildFile; productRef = C48C40882BE32BAE003CCF14 /* Kingfisher */; };
		C48C408B2BE32E0A003CCF14 /* IntExtension.swift in Sources */ = {isa = PBXBuildFile; fileRef = C48C408A2BE32E0A003CCF14 /* IntExtension.swift */; };
		C48C408D2BE32F20003CCF14 /* URLConstant.swift in Sources */ = {isa = PBXBuildFile; fileRef = C48C408C2BE32F20003CCF14 /* URLConstant.swift */; };
		C4B0323B2BE2C51000AFB479 /* categories.json in Resources */ = {isa = PBXBuildFile; fileRef = C4B0323A2BE2C51000AFB479 /* categories.json */; };
		C4B0323D2BE2C93F00AFB479 /* Category.swift in Sources */ = {isa = PBXBuildFile; fileRef = C4B0323C2BE2C93F00AFB479 /* Category.swift */; };
		C4B032402BE2CA0300AFB479 /* BundleExtension.swift in Sources */ = {isa = PBXBuildFile; fileRef = C4B0323F2BE2CA0300AFB479 /* BundleExtension.swift */; };
		C4B8A5872BE1666200DAB82C /* SkeeloApp.swift in Sources */ = {isa = PBXBuildFile; fileRef = C4B8A5862BE1666200DAB82C /* SkeeloApp.swift */; };
		C4B8A58B2BE1666300DAB82C /* Assets.xcassets in Resources */ = {isa = PBXBuildFile; fileRef = C4B8A58A2BE1666300DAB82C /* Assets.xcassets */; };
		C4B8A58E2BE1666300DAB82C /* Preview Assets.xcassets in Resources */ = {isa = PBXBuildFile; fileRef = C4B8A58D2BE1666300DAB82C /* Preview Assets.xcassets */; };
		C4B8A5982BE1666300DAB82C /* SkeeloTests.swift in Sources */ = {isa = PBXBuildFile; fileRef = C4B8A5972BE1666300DAB82C /* SkeeloTests.swift */; };
		C4B8A5B22BE1E0B600DAB82C /* AlamofireAdapter.swift in Sources */ = {isa = PBXBuildFile; fileRef = C4B8A5B12BE1E0B600DAB82C /* AlamofireAdapter.swift */; };
		C4B8A5B62BE1E1E800DAB82C /* Alamofire in Frameworks */ = {isa = PBXBuildFile; productRef = C4B8A5B52BE1E1E800DAB82C /* Alamofire */; };
		C4B8A5BA2BE1E5DC00DAB82C /* HttpError.swift in Sources */ = {isa = PBXBuildFile; fileRef = C4B8A5B92BE1E5DC00DAB82C /* HttpError.swift */; };
		C4B8A5BC2BE1E61300DAB82C /* HttpPostClient.swift in Sources */ = {isa = PBXBuildFile; fileRef = C4B8A5BB2BE1E61300DAB82C /* HttpPostClient.swift */; };
		C4B8A5BF2BE1E68300DAB82C /* ExtensionHelpers.swift in Sources */ = {isa = PBXBuildFile; fileRef = C4B8A5BE2BE1E68300DAB82C /* ExtensionHelpers.swift */; };
		C4B8A5C32BE1E75B00DAB82C /* BookByThemeModel.swift in Sources */ = {isa = PBXBuildFile; fileRef = C4B8A5C22BE1E75B00DAB82C /* BookByThemeModel.swift */; };
		C4B8A5C52BE1F0AB00DAB82C /* BookModel.swift in Sources */ = {isa = PBXBuildFile; fileRef = C4B8A5C42BE1F0AB00DAB82C /* BookModel.swift */; };
		C4B8A5C82BE20A4600DAB82C /* FetchBooksUseCase.swift in Sources */ = {isa = PBXBuildFile; fileRef = C4B8A5C72BE20A4600DAB82C /* FetchBooksUseCase.swift */; };
		C4B8A5D22BE21AD000DAB82C /* SkeeloColor.swift in Sources */ = {isa = PBXBuildFile; fileRef = C4B8A5D12BE21AD000DAB82C /* SkeeloColor.swift */; };
		C4B8A5D42BE21CFD00DAB82C /* ExploreView.swift in Sources */ = {isa = PBXBuildFile; fileRef = C4B8A5D32BE21CFD00DAB82C /* ExploreView.swift */; };
		C4CCAAF72BF64C0300E9D1FC /* SearchBarView.swift in Sources */ = {isa = PBXBuildFile; fileRef = C4CCAAF62BF64C0300E9D1FC /* SearchBarView.swift */; };
		C4E43C722BEFA58D003130AD /* DetailBookViewModel.swift in Sources */ = {isa = PBXBuildFile; fileRef = C4E43C712BEFA58D003130AD /* DetailBookViewModel.swift */; };
		C4E61CA92BE2DB0A0031CA57 /* ExploreDetailListViewModel.swift in Sources */ = {isa = PBXBuildFile; fileRef = C4E61CA82BE2DB0A0031CA57 /* ExploreDetailListViewModel.swift */; };
		C4E61CAE2BE2DBD70031CA57 /* ExploreDetailListView.swift in Sources */ = {isa = PBXBuildFile; fileRef = C4E61CAD2BE2DBD70031CA57 /* ExploreDetailListView.swift */; };
		C4F4AD082BFC2D2D004FACBA /* Tab.swift in Sources */ = {isa = PBXBuildFile; fileRef = C4F4AD072BFC2D2D004FACBA /* Tab.swift */; };
		C4F4AD0A2BFC2F68004FACBA /* Home.swift in Sources */ = {isa = PBXBuildFile; fileRef = C4F4AD092BFC2F68004FACBA /* Home.swift */; };
		C4F4AD0C2BFC4485004FACBA /* TabShape.swift in Sources */ = {isa = PBXBuildFile; fileRef = C4F4AD0B2BFC4485004FACBA /* TabShape.swift */; };
		C4F4AD0E2BFC4F6A004FACBA /* TabPosition.swift in Sources */ = {isa = PBXBuildFile; fileRef = C4F4AD0D2BFC4F6A004FACBA /* TabPosition.swift */; };
/* End PBXBuildFile section */

/* Begin PBXContainerItemProxy section */
		C4B8A5942BE1666300DAB82C /* PBXContainerItemProxy */ = {
			isa = PBXContainerItemProxy;
			containerPortal = C4B8A57B2BE1666100DAB82C /* Project object */;
			proxyType = 1;
			remoteGlobalIDString = C4B8A5822BE1666100DAB82C;
			remoteInfo = Skeelo;
		};
		C4B8A59E2BE1666300DAB82C /* PBXContainerItemProxy */ = {
			isa = PBXContainerItemProxy;
			containerPortal = C4B8A57B2BE1666100DAB82C /* Project object */;
			proxyType = 1;
			remoteGlobalIDString = C4B8A5822BE1666100DAB82C;
			remoteInfo = Skeelo;
		};
/* End PBXContainerItemProxy section */

/* Begin PBXFileReference section */
		C423DEF42BE6AE36002A4C9C /* ReviewView.swift */ = {isa = PBXFileReference; lastKnownFileType = sourcecode.swift; path = ReviewView.swift; sourceTree = "<group>"; };
		C436E7E82BE5913F00299883 /* DetailBookView.swift */ = {isa = PBXFileReference; lastKnownFileType = sourcecode.swift; path = DetailBookView.swift; sourceTree = "<group>"; };
		C436E7EA2BE5D40800299883 /* HorizontalDetailView.swift */ = {isa = PBXFileReference; lastKnownFileType = sourcecode.swift; path = HorizontalDetailView.swift; sourceTree = "<group>"; };
		C436E7EC2BE5E77F00299883 /* ReviewsView.swift */ = {isa = PBXFileReference; lastKnownFileType = sourcecode.swift; path = ReviewsView.swift; sourceTree = "<group>"; };
		C436E7EE2BE5EBCA00299883 /* Review.swift */ = {isa = PBXFileReference; lastKnownFileType = sourcecode.swift; path = Review.swift; sourceTree = "<group>"; };
		C43959A02BF28D5300667301 /* Toast.swift */ = {isa = PBXFileReference; lastKnownFileType = sourcecode.swift; path = Toast.swift; sourceTree = "<group>"; };
		C43959A32BF28E7800667301 /* ToastView.swift */ = {isa = PBXFileReference; lastKnownFileType = sourcecode.swift; path = ToastView.swift; sourceTree = "<group>"; };
		C43959A52BF2A1B200667301 /* ToastModifier.swift */ = {isa = PBXFileReference; lastKnownFileType = sourcecode.swift; path = ToastModifier.swift; sourceTree = "<group>"; };
		C43959A72BF2A23700667301 /* ViewExtension.swift */ = {isa = PBXFileReference; lastKnownFileType = sourcecode.swift; path = ViewExtension.swift; sourceTree = "<group>"; };
		C43959AB2BF2E9EB00667301 /* ExploreDetailListViewLoading.swift */ = {isa = PBXFileReference; lastKnownFileType = sourcecode.swift; path = ExploreDetailListViewLoading.swift; sourceTree = "<group>"; };
		C46A4F3A2BF3080500736DFC /* LoadingEffectView.swift */ = {isa = PBXFileReference; lastKnownFileType = sourcecode.swift; path = LoadingEffectView.swift; sourceTree = "<group>"; };
		C46A4F3C2BF3086200736DFC /* DetailBookLoadingView.swift */ = {isa = PBXFileReference; lastKnownFileType = sourcecode.swift; path = DetailBookLoadingView.swift; sourceTree = "<group>"; };
		C48C407C2BE2E618003CCF14 /* UseCaseFactory.swift */ = {isa = PBXFileReference; lastKnownFileType = sourcecode.swift; path = UseCaseFactory.swift; sourceTree = "<group>"; };
		C48C407F2BE31851003CCF14 /* PreviewData.swift */ = {isa = PBXFileReference; lastKnownFileType = sourcecode.swift; path = PreviewData.swift; sourceTree = "<group>"; };
		C48C40812BE31B98003CCF14 /* SKLHeaderView.swift */ = {isa = PBXFileReference; lastKnownFileType = sourcecode.swift; path = SKLHeaderView.swift; sourceTree = "<group>"; };
		C48C40832BE323B5003CCF14 /* SKLMarkerButton.swift */ = {isa = PBXFileReference; lastKnownFileType = sourcecode.swift; path = SKLMarkerButton.swift; sourceTree = "<group>"; };
		C48C40852BE328B6003CCF14 /* SKLFilterPickerView.swift */ = {isa = PBXFileReference; lastKnownFileType = sourcecode.swift; path = SKLFilterPickerView.swift; sourceTree = "<group>"; };
		C48C408A2BE32E0A003CCF14 /* IntExtension.swift */ = {isa = PBXFileReference; lastKnownFileType = sourcecode.swift; path = IntExtension.swift; sourceTree = "<group>"; };
		C48C408C2BE32F20003CCF14 /* URLConstant.swift */ = {isa = PBXFileReference; lastKnownFileType = sourcecode.swift; path = URLConstant.swift; sourceTree = "<group>"; };
		C4B0323A2BE2C51000AFB479 /* categories.json */ = {isa = PBXFileReference; lastKnownFileType = text.json; path = categories.json; sourceTree = "<group>"; };
		C4B0323C2BE2C93F00AFB479 /* Category.swift */ = {isa = PBXFileReference; lastKnownFileType = sourcecode.swift; path = Category.swift; sourceTree = "<group>"; };
		C4B0323F2BE2CA0300AFB479 /* BundleExtension.swift */ = {isa = PBXFileReference; lastKnownFileType = sourcecode.swift; path = BundleExtension.swift; sourceTree = "<group>"; };
		C4B8A5832BE1666200DAB82C /* Skeelo.app */ = {isa = PBXFileReference; explicitFileType = wrapper.application; includeInIndex = 0; path = Skeelo.app; sourceTree = BUILT_PRODUCTS_DIR; };
		C4B8A5862BE1666200DAB82C /* SkeeloApp.swift */ = {isa = PBXFileReference; lastKnownFileType = sourcecode.swift; path = SkeeloApp.swift; sourceTree = "<group>"; };
		C4B8A58A2BE1666300DAB82C /* Assets.xcassets */ = {isa = PBXFileReference; lastKnownFileType = folder.assetcatalog; path = Assets.xcassets; sourceTree = "<group>"; };
		C4B8A58D2BE1666300DAB82C /* Preview Assets.xcassets */ = {isa = PBXFileReference; lastKnownFileType = folder.assetcatalog; path = "Preview Assets.xcassets"; sourceTree = "<group>"; };
		C4B8A5932BE1666300DAB82C /* SkeeloTests.xctest */ = {isa = PBXFileReference; explicitFileType = wrapper.cfbundle; includeInIndex = 0; path = SkeeloTests.xctest; sourceTree = BUILT_PRODUCTS_DIR; };
		C4B8A5972BE1666300DAB82C /* SkeeloTests.swift */ = {isa = PBXFileReference; lastKnownFileType = sourcecode.swift; path = SkeeloTests.swift; sourceTree = "<group>"; };
		C4B8A59D2BE1666300DAB82C /* SkeeloUITests.xctest */ = {isa = PBXFileReference; explicitFileType = wrapper.cfbundle; includeInIndex = 0; path = SkeeloUITests.xctest; sourceTree = BUILT_PRODUCTS_DIR; };
		C4B8A5B12BE1E0B600DAB82C /* AlamofireAdapter.swift */ = {isa = PBXFileReference; lastKnownFileType = sourcecode.swift; path = AlamofireAdapter.swift; sourceTree = "<group>"; };
		C4B8A5B92BE1E5DC00DAB82C /* HttpError.swift */ = {isa = PBXFileReference; lastKnownFileType = sourcecode.swift; path = HttpError.swift; sourceTree = "<group>"; };
		C4B8A5BB2BE1E61300DAB82C /* HttpPostClient.swift */ = {isa = PBXFileReference; lastKnownFileType = sourcecode.swift; path = HttpPostClient.swift; sourceTree = "<group>"; };
		C4B8A5BE2BE1E68300DAB82C /* ExtensionHelpers.swift */ = {isa = PBXFileReference; lastKnownFileType = sourcecode.swift; path = ExtensionHelpers.swift; sourceTree = "<group>"; };
		C4B8A5C22BE1E75B00DAB82C /* BookByThemeModel.swift */ = {isa = PBXFileReference; lastKnownFileType = sourcecode.swift; path = BookByThemeModel.swift; sourceTree = "<group>"; };
		C4B8A5C42BE1F0AB00DAB82C /* BookModel.swift */ = {isa = PBXFileReference; lastKnownFileType = sourcecode.swift; path = BookModel.swift; sourceTree = "<group>"; };
		C4B8A5C72BE20A4600DAB82C /* FetchBooksUseCase.swift */ = {isa = PBXFileReference; lastKnownFileType = sourcecode.swift; path = FetchBooksUseCase.swift; sourceTree = "<group>"; };
		C4B8A5D12BE21AD000DAB82C /* SkeeloColor.swift */ = {isa = PBXFileReference; lastKnownFileType = sourcecode.swift; path = SkeeloColor.swift; sourceTree = "<group>"; };
		C4B8A5D32BE21CFD00DAB82C /* ExploreView.swift */ = {isa = PBXFileReference; lastKnownFileType = sourcecode.swift; path = ExploreView.swift; sourceTree = "<group>"; };
		C4CCAAF62BF64C0300E9D1FC /* SearchBarView.swift */ = {isa = PBXFileReference; lastKnownFileType = sourcecode.swift; path = SearchBarView.swift; sourceTree = "<group>"; };
		C4E43C712BEFA58D003130AD /* DetailBookViewModel.swift */ = {isa = PBXFileReference; lastKnownFileType = sourcecode.swift; path = DetailBookViewModel.swift; sourceTree = "<group>"; };
		C4E61CA82BE2DB0A0031CA57 /* ExploreDetailListViewModel.swift */ = {isa = PBXFileReference; lastKnownFileType = sourcecode.swift; path = ExploreDetailListViewModel.swift; sourceTree = "<group>"; };
		C4E61CAD2BE2DBD70031CA57 /* ExploreDetailListView.swift */ = {isa = PBXFileReference; lastKnownFileType = sourcecode.swift; path = ExploreDetailListView.swift; sourceTree = "<group>"; };
		C4F4AD072BFC2D2D004FACBA /* Tab.swift */ = {isa = PBXFileReference; lastKnownFileType = sourcecode.swift; path = Tab.swift; sourceTree = "<group>"; };
		C4F4AD092BFC2F68004FACBA /* Home.swift */ = {isa = PBXFileReference; lastKnownFileType = sourcecode.swift; path = Home.swift; sourceTree = "<group>"; };
		C4F4AD0B2BFC4485004FACBA /* TabShape.swift */ = {isa = PBXFileReference; lastKnownFileType = sourcecode.swift; path = TabShape.swift; sourceTree = "<group>"; };
		C4F4AD0D2BFC4F6A004FACBA /* TabPosition.swift */ = {isa = PBXFileReference; lastKnownFileType = sourcecode.swift; path = TabPosition.swift; sourceTree = "<group>"; };
/* End PBXFileReference section */

/* Begin PBXFrameworksBuildPhase section */
		C4B8A5802BE1666100DAB82C /* Frameworks */ = {
			isa = PBXFrameworksBuildPhase;
			buildActionMask = 2147483647;
			files = (
				C48C40892BE32BAE003CCF14 /* Kingfisher in Frameworks */,
				C4B8A5B62BE1E1E800DAB82C /* Alamofire in Frameworks */,
			);
			runOnlyForDeploymentPostprocessing = 0;
		};
		C4B8A5902BE1666300DAB82C /* Frameworks */ = {
			isa = PBXFrameworksBuildPhase;
			buildActionMask = 2147483647;
			files = (
			);
			runOnlyForDeploymentPostprocessing = 0;
		};
		C4B8A59A2BE1666300DAB82C /* Frameworks */ = {
			isa = PBXFrameworksBuildPhase;
			buildActionMask = 2147483647;
			files = (
			);
			runOnlyForDeploymentPostprocessing = 0;
		};
/* End PBXFrameworksBuildPhase section */

/* Begin PBXGroup section */
		C436E7E62BE5912300299883 /* DetailBookView */ = {
			isa = PBXGroup;
			children = (
				C4E43C702BEFA550003130AD /* DetailBookViewModel */,
				C436E7E72BE5912E00299883 /* View */,
			);
			path = DetailBookView;
			sourceTree = "<group>";
		};
		C436E7E72BE5912E00299883 /* View */ = {
			isa = PBXGroup;
			children = (
				C436E7E82BE5913F00299883 /* DetailBookView.swift */,
				C436E7EA2BE5D40800299883 /* HorizontalDetailView.swift */,
				C436E7EC2BE5E77F00299883 /* ReviewsView.swift */,
				C423DEF42BE6AE36002A4C9C /* ReviewView.swift */,
				C46A4F3C2BF3086200736DFC /* DetailBookLoadingView.swift */,
			);
			path = View;
			sourceTree = "<group>";
		};
		C43959A22BF28E4F00667301 /* Reusable Views */ = {
			isa = PBXGroup;
			children = (
				C43959A32BF28E7800667301 /* ToastView.swift */,
				C46A4F3A2BF3080500736DFC /* LoadingEffectView.swift */,
			);
			path = "Reusable Views";
			sourceTree = "<group>";
		};
		C48C407B2BE2E5DC003CCF14 /* Factories */ = {
			isa = PBXGroup;
			children = (
				C48C407C2BE2E618003CCF14 /* UseCaseFactory.swift */,
			);
			path = Factories;
			sourceTree = "<group>";
		};
		C48C407E2BE3183E003CCF14 /* PeviewDataMock */ = {
			isa = PBXGroup;
			children = (
				C48C407F2BE31851003CCF14 /* PreviewData.swift */,
			);
			path = PeviewDataMock;
			sourceTree = "<group>";
		};
		C4B0323E2BE2C9E100AFB479 /* Extension & Helper */ = {
			isa = PBXGroup;
			children = (
				C4B0323F2BE2CA0300AFB479 /* BundleExtension.swift */,
				C48C408A2BE32E0A003CCF14 /* IntExtension.swift */,
				C43959A52BF2A1B200667301 /* ToastModifier.swift */,
				C43959A72BF2A23700667301 /* ViewExtension.swift */,
			);
			path = "Extension & Helper";
			sourceTree = "<group>";
		};
		C4B8A57A2BE1666100DAB82C = {
			isa = PBXGroup;
			children = (
				C4B8A5852BE1666200DAB82C /* Skeelo */,
				C4B8A5962BE1666300DAB82C /* SkeeloTests */,
				C4B8A5842BE1666200DAB82C /* Products */,
				C4B8A5B42BE1E1E800DAB82C /* Frameworks */,
			);
			sourceTree = "<group>";
		};
		C4B8A5842BE1666200DAB82C /* Products */ = {
			isa = PBXGroup;
			children = (
				C4B8A5832BE1666200DAB82C /* Skeelo.app */,
				C4B8A5932BE1666300DAB82C /* SkeeloTests.xctest */,
				C4B8A59D2BE1666300DAB82C /* SkeeloUITests.xctest */,
			);
			name = Products;
			sourceTree = "<group>";
		};
		C4B8A5852BE1666200DAB82C /* Skeelo */ = {
			isa = PBXGroup;
			children = (
				C4B0323E2BE2C9E100AFB479 /* Extension & Helper */,
				C4B8A5CF2BE21AAE00DAB82C /* Core */,
				C4B8A5C92BE2162700DAB82C /* Presentation */,
				C4B8A5C02BE1E6E400DAB82C /* Domain */,
				C4B8A5B72BE1E5AC00DAB82C /* Data */,
				C4B8A5862BE1666200DAB82C /* SkeeloApp.swift */,
				C4B8A58A2BE1666300DAB82C /* Assets.xcassets */,
				C4B8A58C2BE1666300DAB82C /* Preview Content */,
			);
			path = Skeelo;
			sourceTree = "<group>";
		};
		C4B8A58C2BE1666300DAB82C /* Preview Content */ = {
			isa = PBXGroup;
			children = (
				C4B8A58D2BE1666300DAB82C /* Preview Assets.xcassets */,
			);
			path = "Preview Content";
			sourceTree = "<group>";
		};
		C4B8A5962BE1666300DAB82C /* SkeeloTests */ = {
			isa = PBXGroup;
			children = (
				C4B8A5972BE1666300DAB82C /* SkeeloTests.swift */,
			);
			path = SkeeloTests;
			sourceTree = "<group>";
		};
		C4B8A5B02BE1E08200DAB82C /* Repository */ = {
			isa = PBXGroup;
			children = (
				C4B8A5B12BE1E0B600DAB82C /* AlamofireAdapter.swift */,
			);
			path = Repository;
			sourceTree = "<group>";
		};
		C4B8A5B42BE1E1E800DAB82C /* Frameworks */ = {
			isa = PBXGroup;
			children = (
			);
			name = Frameworks;
			sourceTree = "<group>";
		};
		C4B8A5B72BE1E5AC00DAB82C /* Data */ = {
			isa = PBXGroup;
			children = (
				C4B8A5B02BE1E08200DAB82C /* Repository */,
				C4B8A5BD2BE1E67600DAB82C /* Helpers */,
				C4B8A5B82BE1E5B400DAB82C /* Http */,
			);
			path = Data;
			sourceTree = "<group>";
		};
		C4B8A5B82BE1E5B400DAB82C /* Http */ = {
			isa = PBXGroup;
			children = (
				C4B8A5B92BE1E5DC00DAB82C /* HttpError.swift */,
				C4B8A5BB2BE1E61300DAB82C /* HttpPostClient.swift */,
			);
			path = Http;
			sourceTree = "<group>";
		};
		C4B8A5BD2BE1E67600DAB82C /* Helpers */ = {
			isa = PBXGroup;
			children = (
				C4B8A5BE2BE1E68300DAB82C /* ExtensionHelpers.swift */,
			);
			path = Helpers;
			sourceTree = "<group>";
		};
		C4B8A5C02BE1E6E400DAB82C /* Domain */ = {
			isa = PBXGroup;
			children = (
				C4B8A5C62BE209D500DAB82C /* Use Case */,
				C4B8A5C12BE1E6F600DAB82C /* Models */,
			);
			path = Domain;
			sourceTree = "<group>";
		};
		C4B8A5C12BE1E6F600DAB82C /* Models */ = {
			isa = PBXGroup;
			children = (
				C4B8A5C22BE1E75B00DAB82C /* BookByThemeModel.swift */,
				C4B8A5C42BE1F0AB00DAB82C /* BookModel.swift */,
				C4B0323C2BE2C93F00AFB479 /* Category.swift */,
				C436E7EE2BE5EBCA00299883 /* Review.swift */,
				C43959A02BF28D5300667301 /* Toast.swift */,
			);
			path = Models;
			sourceTree = "<group>";
		};
		C4B8A5C62BE209D500DAB82C /* Use Case */ = {
			isa = PBXGroup;
			children = (
				C4B8A5C72BE20A4600DAB82C /* FetchBooksUseCase.swift */,
			);
			path = "Use Case";
			sourceTree = "<group>";
		};
		C4B8A5C92BE2162700DAB82C /* Presentation */ = {
			isa = PBXGroup;
			children = (
				C4F4AD042BFC2CF1004FACBA /* Custom Tab Bar */,
				C43959A22BF28E4F00667301 /* Reusable Views */,
				C436E7E62BE5912300299883 /* DetailBookView */,
				C4E61CAA2BE2DB5A0031CA57 /* ExploreDetailListView */,
				C4B8A5CE2BE2188200DAB82C /* ExploreView */,
			);
			path = Presentation;
			sourceTree = "<group>";
		};
		C4B8A5CE2BE2188200DAB82C /* ExploreView */ = {
			isa = PBXGroup;
			children = (
				C4E61CA62BE2DAED0031CA57 /* View */,
			);
			path = ExploreView;
			sourceTree = "<group>";
		};
		C4B8A5CF2BE21AAE00DAB82C /* Core */ = {
			isa = PBXGroup;
			children = (
				C48C407E2BE3183E003CCF14 /* PeviewDataMock */,
				C48C407B2BE2E5DC003CCF14 /* Factories */,
				C4B8A5D02BE21AB200DAB82C /* Constants */,
			);
			path = Core;
			sourceTree = "<group>";
		};
		C4B8A5D02BE21AB200DAB82C /* Constants */ = {
			isa = PBXGroup;
			children = (
				C4B8A5D12BE21AD000DAB82C /* SkeeloColor.swift */,
				C4B0323A2BE2C51000AFB479 /* categories.json */,
				C48C408C2BE32F20003CCF14 /* URLConstant.swift */,
			);
			path = Constants;
			sourceTree = "<group>";
		};
		C4E43C702BEFA550003130AD /* DetailBookViewModel */ = {
			isa = PBXGroup;
			children = (
				C4E43C712BEFA58D003130AD /* DetailBookViewModel.swift */,
			);
			path = DetailBookViewModel;
			sourceTree = "<group>";
		};
		C4E61CA62BE2DAED0031CA57 /* View */ = {
			isa = PBXGroup;
			children = (
				C4B8A5D32BE21CFD00DAB82C /* ExploreView.swift */,
			);
			path = View;
			sourceTree = "<group>";
		};
		C4E61CAA2BE2DB5A0031CA57 /* ExploreDetailListView */ = {
			isa = PBXGroup;
			children = (
				C4E61CAC2BE2DB820031CA57 /* ViewModel */,
				C4E61CAB2BE2DB7B0031CA57 /* View */,
			);
			path = ExploreDetailListView;
			sourceTree = "<group>";
		};
		C4E61CAB2BE2DB7B0031CA57 /* View */ = {
			isa = PBXGroup;
			children = (
				C4E61CAD2BE2DBD70031CA57 /* ExploreDetailListView.swift */,
				C43959AB2BF2E9EB00667301 /* ExploreDetailListViewLoading.swift */,
				C48C40812BE31B98003CCF14 /* SKLHeaderView.swift */,
				C48C40832BE323B5003CCF14 /* SKLMarkerButton.swift */,
				C48C40852BE328B6003CCF14 /* SKLFilterPickerView.swift */,
				C4CCAAF62BF64C0300E9D1FC /* SearchBarView.swift */,
			);
			path = View;
			sourceTree = "<group>";
		};
		C4E61CAC2BE2DB820031CA57 /* ViewModel */ = {
			isa = PBXGroup;
			children = (
				C4E61CA82BE2DB0A0031CA57 /* ExploreDetailListViewModel.swift */,
			);
			path = ViewModel;
			sourceTree = "<group>";
		};
		C4F4AD042BFC2CF1004FACBA /* Custom Tab Bar */ = {
			isa = PBXGroup;
			children = (
				C4F4AD062BFC2D14004FACBA /* Model */,
				C4F4AD052BFC2D0B004FACBA /* View */,
			);
			path = "Custom Tab Bar";
			sourceTree = "<group>";
		};
		C4F4AD052BFC2D0B004FACBA /* View */ = {
			isa = PBXGroup;
			children = (
				C4F4AD092BFC2F68004FACBA /* Home.swift */,
				C4F4AD0B2BFC4485004FACBA /* TabShape.swift */,
				C4F4AD0D2BFC4F6A004FACBA /* TabPosition.swift */,
			);
			path = View;
			sourceTree = "<group>";
		};
		C4F4AD062BFC2D14004FACBA /* Model */ = {
			isa = PBXGroup;
			children = (
				C4F4AD072BFC2D2D004FACBA /* Tab.swift */,
			);
			path = Model;
			sourceTree = "<group>";
		};
/* End PBXGroup section */

/* Begin PBXNativeTarget section */
		C4B8A5822BE1666100DAB82C /* Skeelo */ = {
			isa = PBXNativeTarget;
			buildConfigurationList = C4B8A5A72BE1666300DAB82C /* Build configuration list for PBXNativeTarget "Skeelo" */;
			buildPhases = (
				C4B8A57F2BE1666100DAB82C /* Sources */,
				C4B8A5802BE1666100DAB82C /* Frameworks */,
				C4B8A5812BE1666100DAB82C /* Resources */,
			);
			buildRules = (
			);
			dependencies = (
			);
			name = Skeelo;
			packageProductDependencies = (
				C4B8A5B52BE1E1E800DAB82C /* Alamofire */,
				C48C40882BE32BAE003CCF14 /* Kingfisher */,
			);
			productName = Skeelo;
			productReference = C4B8A5832BE1666200DAB82C /* Skeelo.app */;
			productType = "com.apple.product-type.application";
		};
		C4B8A5922BE1666300DAB82C /* SkeeloTests */ = {
			isa = PBXNativeTarget;
			buildConfigurationList = C4B8A5AA2BE1666300DAB82C /* Build configuration list for PBXNativeTarget "SkeeloTests" */;
			buildPhases = (
				C4B8A58F2BE1666300DAB82C /* Sources */,
				C4B8A5902BE1666300DAB82C /* Frameworks */,
				C4B8A5912BE1666300DAB82C /* Resources */,
			);
			buildRules = (
			);
			dependencies = (
				C4B8A5952BE1666300DAB82C /* PBXTargetDependency */,
			);
			name = SkeeloTests;
			productName = SkeeloTests;
			productReference = C4B8A5932BE1666300DAB82C /* SkeeloTests.xctest */;
			productType = "com.apple.product-type.bundle.unit-test";
		};
		C4B8A59C2BE1666300DAB82C /* SkeeloUITests */ = {
			isa = PBXNativeTarget;
			buildConfigurationList = C4B8A5AD2BE1666300DAB82C /* Build configuration list for PBXNativeTarget "SkeeloUITests" */;
			buildPhases = (
				C4B8A5992BE1666300DAB82C /* Sources */,
				C4B8A59A2BE1666300DAB82C /* Frameworks */,
				C4B8A59B2BE1666300DAB82C /* Resources */,
			);
			buildRules = (
			);
			dependencies = (
				C4B8A59F2BE1666300DAB82C /* PBXTargetDependency */,
			);
			name = SkeeloUITests;
			productName = SkeeloUITests;
			productReference = C4B8A59D2BE1666300DAB82C /* SkeeloUITests.xctest */;
			productType = "com.apple.product-type.bundle.ui-testing";
		};
/* End PBXNativeTarget section */

/* Begin PBXProject section */
		C4B8A57B2BE1666100DAB82C /* Project object */ = {
			isa = PBXProject;
			attributes = {
				BuildIndependentTargetsInParallel = 1;
				LastSwiftUpdateCheck = 1520;
				LastUpgradeCheck = 1520;
				TargetAttributes = {
					C4B8A5822BE1666100DAB82C = {
						CreatedOnToolsVersion = 15.2;
					};
					C4B8A5922BE1666300DAB82C = {
						CreatedOnToolsVersion = 15.2;
						TestTargetID = C4B8A5822BE1666100DAB82C;
					};
					C4B8A59C2BE1666300DAB82C = {
						CreatedOnToolsVersion = 15.2;
						TestTargetID = C4B8A5822BE1666100DAB82C;
					};
				};
			};
			buildConfigurationList = C4B8A57E2BE1666100DAB82C /* Build configuration list for PBXProject "Skeelo" */;
			compatibilityVersion = "Xcode 14.0";
			developmentRegion = en;
			hasScannedForEncodings = 0;
			knownRegions = (
				en,
				Base,
			);
			mainGroup = C4B8A57A2BE1666100DAB82C;
			packageReferences = (
				C4B8A5B32BE1E0E900DAB82C /* XCRemoteSwiftPackageReference "Alamofire" */,
				C48C40872BE32BAE003CCF14 /* XCRemoteSwiftPackageReference "Kingfisher" */,
			);
			productRefGroup = C4B8A5842BE1666200DAB82C /* Products */;
			projectDirPath = "";
			projectRoot = "";
			targets = (
				C4B8A5822BE1666100DAB82C /* Skeelo */,
				C4B8A5922BE1666300DAB82C /* SkeeloTests */,
				C4B8A59C2BE1666300DAB82C /* SkeeloUITests */,
			);
		};
/* End PBXProject section */

/* Begin PBXResourcesBuildPhase section */
		C4B8A5812BE1666100DAB82C /* Resources */ = {
			isa = PBXResourcesBuildPhase;
			buildActionMask = 2147483647;
			files = (
				C4B8A58E2BE1666300DAB82C /* Preview Assets.xcassets in Resources */,
				C4B0323B2BE2C51000AFB479 /* categories.json in Resources */,
				C4B8A58B2BE1666300DAB82C /* Assets.xcassets in Resources */,
			);
			runOnlyForDeploymentPostprocessing = 0;
		};
		C4B8A5912BE1666300DAB82C /* Resources */ = {
			isa = PBXResourcesBuildPhase;
			buildActionMask = 2147483647;
			files = (
			);
			runOnlyForDeploymentPostprocessing = 0;
		};
		C4B8A59B2BE1666300DAB82C /* Resources */ = {
			isa = PBXResourcesBuildPhase;
			buildActionMask = 2147483647;
			files = (
			);
			runOnlyForDeploymentPostprocessing = 0;
		};
/* End PBXResourcesBuildPhase section */

/* Begin PBXSourcesBuildPhase section */
		C4B8A57F2BE1666100DAB82C /* Sources */ = {
			isa = PBXSourcesBuildPhase;
			buildActionMask = 2147483647;
			files = (
				C4B8A5D42BE21CFD00DAB82C /* ExploreView.swift in Sources */,
				C4B8A5BA2BE1E5DC00DAB82C /* HttpError.swift in Sources */,
				C4E43C722BEFA58D003130AD /* DetailBookViewModel.swift in Sources */,
				C48C408B2BE32E0A003CCF14 /* IntExtension.swift in Sources */,
				C43959A42BF28E7800667301 /* ToastView.swift in Sources */,
				C48C40802BE31851003CCF14 /* PreviewData.swift in Sources */,
				C43959A82BF2A23700667301 /* ViewExtension.swift in Sources */,
				C4B032402BE2CA0300AFB479 /* BundleExtension.swift in Sources */,
				C4B8A5BF2BE1E68300DAB82C /* ExtensionHelpers.swift in Sources */,
				C43959A62BF2A1B200667301 /* ToastModifier.swift in Sources */,
				C4B8A5BC2BE1E61300DAB82C /* HttpPostClient.swift in Sources */,
				C48C40842BE323B5003CCF14 /* SKLMarkerButton.swift in Sources */,
				C4B8A5C32BE1E75B00DAB82C /* BookByThemeModel.swift in Sources */,
				C4F4AD082BFC2D2D004FACBA /* Tab.swift in Sources */,
				C436E7ED2BE5E77F00299883 /* ReviewsView.swift in Sources */,
				C423DEF52BE6AE36002A4C9C /* ReviewView.swift in Sources */,
				C48C408D2BE32F20003CCF14 /* URLConstant.swift in Sources */,
				C4E61CA92BE2DB0A0031CA57 /* ExploreDetailListViewModel.swift in Sources */,
				C48C40822BE31B98003CCF14 /* SKLHeaderView.swift in Sources */,
				C46A4F3D2BF3086200736DFC /* DetailBookLoadingView.swift in Sources */,
				C4B8A5C82BE20A4600DAB82C /* FetchBooksUseCase.swift in Sources */,
				C436E7EB2BE5D40800299883 /* HorizontalDetailView.swift in Sources */,
				C4B8A5872BE1666200DAB82C /* SkeeloApp.swift in Sources */,
				C48C40862BE328B6003CCF14 /* SKLFilterPickerView.swift in Sources */,
				C4F4AD0E2BFC4F6A004FACBA /* TabPosition.swift in Sources */,
				C4F4AD0C2BFC4485004FACBA /* TabShape.swift in Sources */,
				C436E7E92BE5913F00299883 /* DetailBookView.swift in Sources */,
				C4B8A5D22BE21AD000DAB82C /* SkeeloColor.swift in Sources */,
				C48C407D2BE2E618003CCF14 /* UseCaseFactory.swift in Sources */,
				C43959A12BF28D5300667301 /* Toast.swift in Sources */,
				C4F4AD0A2BFC2F68004FACBA /* Home.swift in Sources */,
				C4B8A5C52BE1F0AB00DAB82C /* BookModel.swift in Sources */,
				C4CCAAF72BF64C0300E9D1FC /* SearchBarView.swift in Sources */,
				C436E7EF2BE5EBCA00299883 /* Review.swift in Sources */,
				C4E61CAE2BE2DBD70031CA57 /* ExploreDetailListView.swift in Sources */,
				C43959AC2BF2E9EB00667301 /* ExploreDetailListViewLoading.swift in Sources */,
				C4B8A5B22BE1E0B600DAB82C /* AlamofireAdapter.swift in Sources */,
				C46A4F3B2BF3080500736DFC /* LoadingEffectView.swift in Sources */,
				C4B0323D2BE2C93F00AFB479 /* Category.swift in Sources */,
			);
			runOnlyForDeploymentPostprocessing = 0;
		};
		C4B8A58F2BE1666300DAB82C /* Sources */ = {
			isa = PBXSourcesBuildPhase;
			buildActionMask = 2147483647;
			files = (
				C4B8A5982BE1666300DAB82C /* SkeeloTests.swift in Sources */,
			);
			runOnlyForDeploymentPostprocessing = 0;
		};
		C4B8A5992BE1666300DAB82C /* Sources */ = {
			isa = PBXSourcesBuildPhase;
			buildActionMask = 2147483647;
			files = (
			);
			runOnlyForDeploymentPostprocessing = 0;
		};
/* End PBXSourcesBuildPhase section */

/* Begin PBXTargetDependency section */
		C4B8A5952BE1666300DAB82C /* PBXTargetDependency */ = {
			isa = PBXTargetDependency;
			target = C4B8A5822BE1666100DAB82C /* Skeelo */;
			targetProxy = C4B8A5942BE1666300DAB82C /* PBXContainerItemProxy */;
		};
		C4B8A59F2BE1666300DAB82C /* PBXTargetDependency */ = {
			isa = PBXTargetDependency;
			target = C4B8A5822BE1666100DAB82C /* Skeelo */;
			targetProxy = C4B8A59E2BE1666300DAB82C /* PBXContainerItemProxy */;
		};
/* End PBXTargetDependency section */

/* Begin XCBuildConfiguration section */
		C4B8A5A52BE1666300DAB82C /* Debug */ = {
			isa = XCBuildConfiguration;
			buildSettings = {
				ALWAYS_SEARCH_USER_PATHS = NO;
				ASSETCATALOG_COMPILER_GENERATE_SWIFT_ASSET_SYMBOL_EXTENSIONS = YES;
				CLANG_ANALYZER_NONNULL = YES;
				CLANG_ANALYZER_NUMBER_OBJECT_CONVERSION = YES_AGGRESSIVE;
				CLANG_CXX_LANGUAGE_STANDARD = "gnu++20";
				CLANG_ENABLE_MODULES = YES;
				CLANG_ENABLE_OBJC_ARC = YES;
				CLANG_ENABLE_OBJC_WEAK = YES;
				CLANG_WARN_BLOCK_CAPTURE_AUTORELEASING = YES;
				CLANG_WARN_BOOL_CONVERSION = YES;
				CLANG_WARN_COMMA = YES;
				CLANG_WARN_CONSTANT_CONVERSION = YES;
				CLANG_WARN_DEPRECATED_OBJC_IMPLEMENTATIONS = YES;
				CLANG_WARN_DIRECT_OBJC_ISA_USAGE = YES_ERROR;
				CLANG_WARN_DOCUMENTATION_COMMENTS = YES;
				CLANG_WARN_EMPTY_BODY = YES;
				CLANG_WARN_ENUM_CONVERSION = YES;
				CLANG_WARN_INFINITE_RECURSION = YES;
				CLANG_WARN_INT_CONVERSION = YES;
				CLANG_WARN_NON_LITERAL_NULL_CONVERSION = YES;
				CLANG_WARN_OBJC_IMPLICIT_RETAIN_SELF = YES;
				CLANG_WARN_OBJC_LITERAL_CONVERSION = YES;
				CLANG_WARN_OBJC_ROOT_CLASS = YES_ERROR;
				CLANG_WARN_QUOTED_INCLUDE_IN_FRAMEWORK_HEADER = YES;
				CLANG_WARN_RANGE_LOOP_ANALYSIS = YES;
				CLANG_WARN_STRICT_PROTOTYPES = YES;
				CLANG_WARN_SUSPICIOUS_MOVE = YES;
				CLANG_WARN_UNGUARDED_AVAILABILITY = YES_AGGRESSIVE;
				CLANG_WARN_UNREACHABLE_CODE = YES;
				CLANG_WARN__DUPLICATE_METHOD_MATCH = YES;
				COPY_PHASE_STRIP = NO;
				DEBUG_INFORMATION_FORMAT = dwarf;
				ENABLE_STRICT_OBJC_MSGSEND = YES;
				ENABLE_TESTABILITY = YES;
				ENABLE_USER_SCRIPT_SANDBOXING = YES;
				GCC_C_LANGUAGE_STANDARD = gnu17;
				GCC_DYNAMIC_NO_PIC = NO;
				GCC_NO_COMMON_BLOCKS = YES;
				GCC_OPTIMIZATION_LEVEL = 0;
				GCC_PREPROCESSOR_DEFINITIONS = (
					"DEBUG=1",
					"$(inherited)",
				);
				GCC_WARN_64_TO_32_BIT_CONVERSION = YES;
				GCC_WARN_ABOUT_RETURN_TYPE = YES_ERROR;
				GCC_WARN_UNDECLARED_SELECTOR = YES;
				GCC_WARN_UNINITIALIZED_AUTOS = YES_AGGRESSIVE;
				GCC_WARN_UNUSED_FUNCTION = YES;
				GCC_WARN_UNUSED_VARIABLE = YES;
				IPHONEOS_DEPLOYMENT_TARGET = 17.2;
				LOCALIZATION_PREFERS_STRING_CATALOGS = YES;
				MTL_ENABLE_DEBUG_INFO = INCLUDE_SOURCE;
				MTL_FAST_MATH = YES;
				ONLY_ACTIVE_ARCH = YES;
				SDKROOT = iphoneos;
				SWIFT_ACTIVE_COMPILATION_CONDITIONS = "DEBUG $(inherited)";
				SWIFT_OPTIMIZATION_LEVEL = "-Onone";
			};
			name = Debug;
		};
		C4B8A5A62BE1666300DAB82C /* Release */ = {
			isa = XCBuildConfiguration;
			buildSettings = {
				ALWAYS_SEARCH_USER_PATHS = NO;
				ASSETCATALOG_COMPILER_GENERATE_SWIFT_ASSET_SYMBOL_EXTENSIONS = YES;
				CLANG_ANALYZER_NONNULL = YES;
				CLANG_ANALYZER_NUMBER_OBJECT_CONVERSION = YES_AGGRESSIVE;
				CLANG_CXX_LANGUAGE_STANDARD = "gnu++20";
				CLANG_ENABLE_MODULES = YES;
				CLANG_ENABLE_OBJC_ARC = YES;
				CLANG_ENABLE_OBJC_WEAK = YES;
				CLANG_WARN_BLOCK_CAPTURE_AUTORELEASING = YES;
				CLANG_WARN_BOOL_CONVERSION = YES;
				CLANG_WARN_COMMA = YES;
				CLANG_WARN_CONSTANT_CONVERSION = YES;
				CLANG_WARN_DEPRECATED_OBJC_IMPLEMENTATIONS = YES;
				CLANG_WARN_DIRECT_OBJC_ISA_USAGE = YES_ERROR;
				CLANG_WARN_DOCUMENTATION_COMMENTS = YES;
				CLANG_WARN_EMPTY_BODY = YES;
				CLANG_WARN_ENUM_CONVERSION = YES;
				CLANG_WARN_INFINITE_RECURSION = YES;
				CLANG_WARN_INT_CONVERSION = YES;
				CLANG_WARN_NON_LITERAL_NULL_CONVERSION = YES;
				CLANG_WARN_OBJC_IMPLICIT_RETAIN_SELF = YES;
				CLANG_WARN_OBJC_LITERAL_CONVERSION = YES;
				CLANG_WARN_OBJC_ROOT_CLASS = YES_ERROR;
				CLANG_WARN_QUOTED_INCLUDE_IN_FRAMEWORK_HEADER = YES;
				CLANG_WARN_RANGE_LOOP_ANALYSIS = YES;
				CLANG_WARN_STRICT_PROTOTYPES = YES;
				CLANG_WARN_SUSPICIOUS_MOVE = YES;
				CLANG_WARN_UNGUARDED_AVAILABILITY = YES_AGGRESSIVE;
				CLANG_WARN_UNREACHABLE_CODE = YES;
				CLANG_WARN__DUPLICATE_METHOD_MATCH = YES;
				COPY_PHASE_STRIP = NO;
				DEBUG_INFORMATION_FORMAT = "dwarf-with-dsym";
				ENABLE_NS_ASSERTIONS = NO;
				ENABLE_STRICT_OBJC_MSGSEND = YES;
				ENABLE_USER_SCRIPT_SANDBOXING = YES;
				GCC_C_LANGUAGE_STANDARD = gnu17;
				GCC_NO_COMMON_BLOCKS = YES;
				GCC_WARN_64_TO_32_BIT_CONVERSION = YES;
				GCC_WARN_ABOUT_RETURN_TYPE = YES_ERROR;
				GCC_WARN_UNDECLARED_SELECTOR = YES;
				GCC_WARN_UNINITIALIZED_AUTOS = YES_AGGRESSIVE;
				GCC_WARN_UNUSED_FUNCTION = YES;
				GCC_WARN_UNUSED_VARIABLE = YES;
				IPHONEOS_DEPLOYMENT_TARGET = 17.2;
				LOCALIZATION_PREFERS_STRING_CATALOGS = YES;
				MTL_ENABLE_DEBUG_INFO = NO;
				MTL_FAST_MATH = YES;
				SDKROOT = iphoneos;
				SWIFT_COMPILATION_MODE = wholemodule;
				VALIDATE_PRODUCT = YES;
			};
			name = Release;
		};
		C4B8A5A82BE1666300DAB82C /* Debug */ = {
			isa = XCBuildConfiguration;
			buildSettings = {
				ASSETCATALOG_COMPILER_APPICON_NAME = AppIcon;
				ASSETCATALOG_COMPILER_GLOBAL_ACCENT_COLOR_NAME = AccentColor;
				CODE_SIGN_STYLE = Automatic;
				CURRENT_PROJECT_VERSION = 1;
				DEVELOPMENT_ASSET_PATHS = "\"Skeelo/Preview Content\"";
				DEVELOPMENT_TEAM = 3WF28HXXF7;
				ENABLE_PREVIEWS = YES;
				GENERATE_INFOPLIST_FILE = YES;
				INFOPLIST_KEY_UIApplicationSceneManifest_Generation = YES;
				INFOPLIST_KEY_UIApplicationSupportsIndirectInputEvents = YES;
				INFOPLIST_KEY_UILaunchScreen_Generation = YES;
				INFOPLIST_KEY_UISupportedInterfaceOrientations = UIInterfaceOrientationPortrait;
				LD_RUNPATH_SEARCH_PATHS = (
					"$(inherited)",
					"@executable_path/Frameworks",
				);
				MARKETING_VERSION = 1.0;
				PRODUCT_BUNDLE_IDENTIFIER = masteringswiftui.co.Skeelo;
				PRODUCT_NAME = "$(TARGET_NAME)";
				SUPPORTED_PLATFORMS = "iphoneos iphonesimulator";
				SUPPORTS_MACCATALYST = NO;
				SUPPORTS_MAC_DESIGNED_FOR_IPHONE_IPAD = NO;
				SUPPORTS_XR_DESIGNED_FOR_IPHONE_IPAD = NO;
				SWIFT_EMIT_LOC_STRINGS = YES;
				SWIFT_VERSION = 5.0;
				TARGETED_DEVICE_FAMILY = 1;
			};
			name = Debug;
		};
		C4B8A5A92BE1666300DAB82C /* Release */ = {
			isa = XCBuildConfiguration;
			buildSettings = {
				ASSETCATALOG_COMPILER_APPICON_NAME = AppIcon;
				ASSETCATALOG_COMPILER_GLOBAL_ACCENT_COLOR_NAME = AccentColor;
				CODE_SIGN_STYLE = Automatic;
				CURRENT_PROJECT_VERSION = 1;
				DEVELOPMENT_ASSET_PATHS = "\"Skeelo/Preview Content\"";
				DEVELOPMENT_TEAM = 3WF28HXXF7;
				ENABLE_PREVIEWS = YES;
				GENERATE_INFOPLIST_FILE = YES;
				INFOPLIST_KEY_UIApplicationSceneManifest_Generation = YES;
				INFOPLIST_KEY_UIApplicationSupportsIndirectInputEvents = YES;
				INFOPLIST_KEY_UILaunchScreen_Generation = YES;
				INFOPLIST_KEY_UISupportedInterfaceOrientations = UIInterfaceOrientationPortrait;
				LD_RUNPATH_SEARCH_PATHS = (
					"$(inherited)",
					"@executable_path/Frameworks",
				);
				MARKETING_VERSION = 1.0;
				PRODUCT_BUNDLE_IDENTIFIER = masteringswiftui.co.Skeelo;
				PRODUCT_NAME = "$(TARGET_NAME)";
				SUPPORTED_PLATFORMS = "iphoneos iphonesimulator";
				SUPPORTS_MACCATALYST = NO;
				SUPPORTS_MAC_DESIGNED_FOR_IPHONE_IPAD = NO;
				SUPPORTS_XR_DESIGNED_FOR_IPHONE_IPAD = NO;
				SWIFT_EMIT_LOC_STRINGS = YES;
				SWIFT_VERSION = 5.0;
				TARGETED_DEVICE_FAMILY = 1;
			};
			name = Release;
		};
		C4B8A5AB2BE1666300DAB82C /* Debug */ = {
			isa = XCBuildConfiguration;
			buildSettings = {
				ALWAYS_EMBED_SWIFT_STANDARD_LIBRARIES = YES;
				BUNDLE_LOADER = "$(TEST_HOST)";
				CODE_SIGN_STYLE = Automatic;
				CURRENT_PROJECT_VERSION = 1;
				GENERATE_INFOPLIST_FILE = YES;
				IPHONEOS_DEPLOYMENT_TARGET = 17.2;
				MARKETING_VERSION = 1.0;
				PRODUCT_BUNDLE_IDENTIFIER = masteringswiftui.co.SkeeloTests;
				PRODUCT_NAME = "$(TARGET_NAME)";
				SWIFT_EMIT_LOC_STRINGS = NO;
				SWIFT_VERSION = 5.0;
				TARGETED_DEVICE_FAMILY = "1,2";
				TEST_HOST = "$(BUILT_PRODUCTS_DIR)/Skeelo.app/$(BUNDLE_EXECUTABLE_FOLDER_PATH)/Skeelo";
			};
			name = Debug;
		};
		C4B8A5AC2BE1666300DAB82C /* Release */ = {
			isa = XCBuildConfiguration;
			buildSettings = {
				ALWAYS_EMBED_SWIFT_STANDARD_LIBRARIES = YES;
				BUNDLE_LOADER = "$(TEST_HOST)";
				CODE_SIGN_STYLE = Automatic;
				CURRENT_PROJECT_VERSION = 1;
				GENERATE_INFOPLIST_FILE = YES;
				IPHONEOS_DEPLOYMENT_TARGET = 17.2;
				MARKETING_VERSION = 1.0;
				PRODUCT_BUNDLE_IDENTIFIER = masteringswiftui.co.SkeeloTests;
				PRODUCT_NAME = "$(TARGET_NAME)";
				SWIFT_EMIT_LOC_STRINGS = NO;
				SWIFT_VERSION = 5.0;
				TARGETED_DEVICE_FAMILY = "1,2";
				TEST_HOST = "$(BUILT_PRODUCTS_DIR)/Skeelo.app/$(BUNDLE_EXECUTABLE_FOLDER_PATH)/Skeelo";
			};
			name = Release;
		};
		C4B8A5AE2BE1666300DAB82C /* Debug */ = {
			isa = XCBuildConfiguration;
			buildSettings = {
				ALWAYS_EMBED_SWIFT_STANDARD_LIBRARIES = YES;
				CODE_SIGN_STYLE = Automatic;
				CURRENT_PROJECT_VERSION = 1;
				GENERATE_INFOPLIST_FILE = YES;
				MARKETING_VERSION = 1.0;
				PRODUCT_BUNDLE_IDENTIFIER = masteringswiftui.co.SkeeloUITests;
				PRODUCT_NAME = "$(TARGET_NAME)";
				SWIFT_EMIT_LOC_STRINGS = NO;
				SWIFT_VERSION = 5.0;
				TARGETED_DEVICE_FAMILY = "1,2";
				TEST_TARGET_NAME = Skeelo;
			};
			name = Debug;
		};
		C4B8A5AF2BE1666300DAB82C /* Release */ = {
			isa = XCBuildConfiguration;
			buildSettings = {
				ALWAYS_EMBED_SWIFT_STANDARD_LIBRARIES = YES;
				CODE_SIGN_STYLE = Automatic;
				CURRENT_PROJECT_VERSION = 1;
				GENERATE_INFOPLIST_FILE = YES;
				MARKETING_VERSION = 1.0;
				PRODUCT_BUNDLE_IDENTIFIER = masteringswiftui.co.SkeeloUITests;
				PRODUCT_NAME = "$(TARGET_NAME)";
				SWIFT_EMIT_LOC_STRINGS = NO;
				SWIFT_VERSION = 5.0;
				TARGETED_DEVICE_FAMILY = "1,2";
				TEST_TARGET_NAME = Skeelo;
			};
			name = Release;
		};
/* End XCBuildConfiguration section */

/* Begin XCConfigurationList section */
		C4B8A57E2BE1666100DAB82C /* Build configuration list for PBXProject "Skeelo" */ = {
			isa = XCConfigurationList;
			buildConfigurations = (
				C4B8A5A52BE1666300DAB82C /* Debug */,
				C4B8A5A62BE1666300DAB82C /* Release */,
			);
			defaultConfigurationIsVisible = 0;
			defaultConfigurationName = Release;
		};
		C4B8A5A72BE1666300DAB82C /* Build configuration list for PBXNativeTarget "Skeelo" */ = {
			isa = XCConfigurationList;
			buildConfigurations = (
				C4B8A5A82BE1666300DAB82C /* Debug */,
				C4B8A5A92BE1666300DAB82C /* Release */,
			);
			defaultConfigurationIsVisible = 0;
			defaultConfigurationName = Release;
		};
		C4B8A5AA2BE1666300DAB82C /* Build configuration list for PBXNativeTarget "SkeeloTests" */ = {
			isa = XCConfigurationList;
			buildConfigurations = (
				C4B8A5AB2BE1666300DAB82C /* Debug */,
				C4B8A5AC2BE1666300DAB82C /* Release */,
			);
			defaultConfigurationIsVisible = 0;
			defaultConfigurationName = Release;
		};
		C4B8A5AD2BE1666300DAB82C /* Build configuration list for PBXNativeTarget "SkeeloUITests" */ = {
			isa = XCConfigurationList;
			buildConfigurations = (
				C4B8A5AE2BE1666300DAB82C /* Debug */,
				C4B8A5AF2BE1666300DAB82C /* Release */,
			);
			defaultConfigurationIsVisible = 0;
			defaultConfigurationName = Release;
		};
/* End XCConfigurationList section */

/* Begin XCRemoteSwiftPackageReference section */
		C48C40872BE32BAE003CCF14 /* XCRemoteSwiftPackageReference "Kingfisher" */ = {
			isa = XCRemoteSwiftPackageReference;
			repositoryURL = "https://github.com/onevcat/Kingfisher.git";
			requirement = {
				kind = upToNextMajorVersion;
				minimumVersion = 7.11.0;
			};
		};
		C4B8A5B32BE1E0E900DAB82C /* XCRemoteSwiftPackageReference "Alamofire" */ = {
			isa = XCRemoteSwiftPackageReference;
			repositoryURL = "https://github.com/Alamofire/Alamofire.git";
			requirement = {
				kind = upToNextMajorVersion;
				minimumVersion = 5.9.1;
			};
		};
/* End XCRemoteSwiftPackageReference section */

/* Begin XCSwiftPackageProductDependency section */
		C48C40882BE32BAE003CCF14 /* Kingfisher */ = {
			isa = XCSwiftPackageProductDependency;
			package = C48C40872BE32BAE003CCF14 /* XCRemoteSwiftPackageReference "Kingfisher" */;
			productName = Kingfisher;
		};
		C4B8A5B52BE1E1E800DAB82C /* Alamofire */ = {
			isa = XCSwiftPackageProductDependency;
			package = C4B8A5B32BE1E0E900DAB82C /* XCRemoteSwiftPackageReference "Alamofire" */;
			productName = Alamofire;
		};
/* End XCSwiftPackageProductDependency section */
	};
	rootObject = C4B8A57B2BE1666100DAB82C /* Project object */;
}
